
Microsoft Visual Studio Solution File, Format Version 12.00
# Visual Studio Version 16
VisualStudioVersion = 16.0.31129.286
MinimumVisualStudioVersion = 10.0.40219.1
Project("{FAE04EC0-301F-11D3-BF4B-00C04F79EFBC}") = "MqttConsole", "MqttConsole\MqttConsole.csproj", "{3F22A8C5-AAC8-46B3-A014-1DF9FE8F7813}"
EndProject
Global
	GlobalSection(SolutionConfigurationPlatforms) = preSolution
		Debug|Any CPU = Debug|Any CPU
		Release|Any CPU = Release|Any CPU
	EndGlobalSection
	GlobalSection(ProjectConfigurationPlatforms) = postSolution
		{3F22A8C5-AAC8-46B3-A014-1DF9FE8F7813}.Debug|Any CPU.ActiveCfg = Debug|Any CPU
		{3F22A8C5-AAC8-46B3-A014-1DF9FE8F7813}.Debug|Any CPU.Build.0 = Debug|Any CPU
		{3F22A8C5-AAC8-46B3-A014-1DF9FE8F7813}.Release|Any CPU.ActiveCfg = Release|Any CPU
		{3F22A8C5-AAC8-46B3-A014-1DF9FE8F7813}.Release|Any CPU.Build.0 = Release|Any CPU
	EndGlobalSection
	GlobalSection(SolutionProperties) = preSolution
		HideSolutionNode = FALSE
	EndGlobalSection
	GlobalSection(ExtensibilityGlobals) = postSolution
		SolutionGuid = {045268BA-4979-4223-B1D1-A3453595BBB7}
	EndGlobalSection
EndGlobal
